
Microsoft Visual Studio Solution File, Format Version 12.00
# Visual Studio 15
VisualStudioVersion = 15.0.28307.645
MinimumVisualStudioVersion = 10.0.40219.1
Project("{FAE04EC0-301F-11D3-BF4B-00C04F79EFBC}") = "SelectionPrint", "SelectionPrint\SelectionPrint.csproj", "{16DFCD62-E527-40D8-85CB-A8D4D8A33569}"
EndProject
Global
	GlobalSection(SolutionConfigurationPlatforms) = preSolution
		Debug|Any CPU = Debug|Any CPU
		Release|Any CPU = Release|Any CPU
	EndGlobalSection
	GlobalSection(ProjectConfigurationPlatforms) = postSolution
		{16DFCD62-E527-40D8-85CB-A8D4D8A33569}.Debug|Any CPU.ActiveCfg = Debug|Any CPU
		{16DFCD62-E527-40D8-85CB-A8D4D8A33569}.Debug|Any CPU.Build.0 = Debug|Any CPU
		{16DFCD62-E527-40D8-85CB-A8D4D8A33569}.Release|Any CPU.ActiveCfg = Release|Any CPU
		{16DFCD62-E527-40D8-85CB-A8D4D8A33569}.Release|Any CPU.Build.0 = Release|Any CPU
	EndGlobalSection
	GlobalSection(SolutionProperties) = preSolution
		HideSolutionNode = FALSE
	EndGlobalSection
	GlobalSection(ExtensibilityGlobals) = postSolution
		SolutionGuid = {DB5BE426-23BB-4D04-81ED-678B6BAD5172}
	EndGlobalSection
EndGlobal
